
Microsoft Visual Studio Solution File, Format Version 12.00
# Visual Studio 15
Project("{FAE04EC0-301F-11D3-BF4B-00C04F79EFBC}") = "Assembly-CSharp", "Assembly-CSharp.csproj", "{180314A2-6C5D-7628-5C31-104030767A3D}"
EndProject
Project("{FAE04EC0-301F-11D3-BF4B-00C04F79EFBC}") = "Assembly-CSharp-Editor", "Assembly-CSharp-Editor.csproj", "{2B485470-38F8-D466-8360-CA33BECB6951}"
EndProject
Global
	GlobalSection(SolutionConfigurationPlatforms) = preSolution
		Debug|Any CPU = Debug|Any CPU
		Release|Any CPU = Release|Any CPU
	EndGlobalSection
	GlobalSection(ProjectConfigurationPlatforms) = postSolution
		{180314A2-6C5D-7628-5C31-104030767A3D}.Debug|Any CPU.ActiveCfg = Debug|Any CPU
		{180314A2-6C5D-7628-5C31-104030767A3D}.Debug|Any CPU.Build.0 = Debug|Any CPU
		{180314A2-6C5D-7628-5C31-104030767A3D}.Release|Any CPU.ActiveCfg = Release|Any CPU
		{180314A2-6C5D-7628-5C31-104030767A3D}.Release|Any CPU.Build.0 = Release|Any CPU
		{2B485470-38F8-D466-8360-CA33BECB6951}.Debug|Any CPU.ActiveCfg = Debug|Any CPU
		{2B485470-38F8-D466-8360-CA33BECB6951}.Debug|Any CPU.Build.0 = Debug|Any CPU
		{2B485470-38F8-D466-8360-CA33BECB6951}.Release|Any CPU.ActiveCfg = Release|Any CPU
		{2B485470-38F8-D466-8360-CA33BECB6951}.Release|Any CPU.Build.0 = Release|Any CPU
	EndGlobalSection
	GlobalSection(SolutionProperties) = preSolution
		HideSolutionNode = FALSE
	EndGlobalSection
EndGlobal
